<?xml version="1.0" encoding="UTF-8"?>
<CodeBlocks_project_file>
	<FileVersion major="1" minor="6"/>
	<Project>
		<Option title="cmpe250_project1_zeritte"/>
		<Option makefile_is_custom="1"/>
		<Option compiler="gcc"/>
		<Option virtualFolders="CMake Files\;"/>
		<Build>
			<Target title="all">
				<Option working_dir="/Users/zeritte/Documents/Lectures/cmpe/cmpe250/workspace/cmpe250-project1-zeritte"/>
				<Option type="4"/>
				<MakeCommands>
					<Build command="/usr/bin/make -f &quot;/Users/zeritte/Documents/Lectures/cmpe/cmpe250/workspace/cmpe250-project1-zeritte/Makefile&quot;  VERBOSE=1 all"/>
					<CompileFile command="/usr/bin/make -f &quot;/Users/zeritte/Documents/Lectures/cmpe/cmpe250/workspace/cmpe250-project1-zeritte/Makefile&quot;  VERBOSE=1 &quot;$file&quot;"/>
					<Clean command="/usr/bin/make -f &quot;/Users/zeritte/Documents/Lectures/cmpe/cmpe250/workspace/cmpe250-project1-zeritte/Makefile&quot;  VERBOSE=1 clean"/>
					<DistClean command="/usr/bin/make -f &quot;/Users/zeritte/Documents/Lectures/cmpe/cmpe250/workspace/cmpe250-project1-zeritte/Makefile&quot;  VERBOSE=1 clean"/>
				</MakeCommands>
			</Target>
			<Target title="rebuild_cache">
				<Option working_dir="/Users/zeritte/Documents/Lectures/cmpe/cmpe250/workspace/cmpe250-project1-zeritte"/>
				<Option type="4"/>
				<MakeCommands>
					<Build command="/usr/bin/make -f &quot;/Users/zeritte/Documents/Lectures/cmpe/cmpe250/workspace/cmpe250-project1-zeritte/Makefile&quot;  VERBOSE=1 rebuild_cache"/>
					<CompileFile command="/usr/bin/make -f &quot;/Users/zeritte/Documents/Lectures/cmpe/cmpe250/workspace/cmpe250-project1-zeritte/Makefile&quot;  VERBOSE=1 &quot;$file&quot;"/>
					<Clean command="/usr/bin/make -f &quot;/Users/zeritte/Documents/Lectures/cmpe/cmpe250/workspace/cmpe250-project1-zeritte/Makefile&quot;  VERBOSE=1 clean"/>
					<DistClean command="/usr/bin/make -f &quot;/Users/zeritte/Documents/Lectures/cmpe/cmpe250/workspace/cmpe250-project1-zeritte/Makefile&quot;  VERBOSE=1 clean"/>
				</MakeCommands>
			</Target>
			<Target title="edit_cache">
				<Option working_dir="/Users/zeritte/Documents/Lectures/cmpe/cmpe250/workspace/cmpe250-project1-zeritte"/>
				<Option type="4"/>
				<MakeCommands>
					<Build command="/usr/bin/make -f &quot;/Users/zeritte/Documents/Lectures/cmpe/cmpe250/workspace/cmpe250-project1-zeritte/Makefile&quot;  VERBOSE=1 edit_cache"/>
					<CompileFile command="/usr/bin/make -f &quot;/Users/zeritte/Documents/Lectures/cmpe/cmpe250/workspace/cmpe250-project1-zeritte/Makefile&quot;  VERBOSE=1 &quot;$file&quot;"/>
					<Clean command="/usr/bin/make -f &quot;/Users/zeritte/Documents/Lectures/cmpe/cmpe250/workspace/cmpe250-project1-zeritte/Makefile&quot;  VERBOSE=1 clean"/>
					<DistClean command="/usr/bin/make -f &quot;/Users/zeritte/Documents/Lectures/cmpe/cmpe250/workspace/cmpe250-project1-zeritte/Makefile&quot;  VERBOSE=1 clean"/>
				</MakeCommands>
			</Target>
			<Target title="cmpe250_project1_zeritte">
				<Option output="/Users/zeritte/Documents/Lectures/cmpe/cmpe250/workspace/cmpe250-project1-zeritte/cmpe250_project1_zeritte" prefix_auto="0" extension_auto="0"/>
				<Option working_dir="/Users/zeritte/Documents/Lectures/cmpe/cmpe250/workspace/cmpe250-project1-zeritte"/>
				<Option object_output="./"/>
				<Option type="1"/>
				<Option compiler="gcc"/>
				<Compiler>
					<Add directory="/Users/zeritte/Documents/Lectures/cmpe/cmpe250/workspace/cmpe250-project1-zeritte/."/>
				</Compiler>
				<MakeCommands>
					<Build command="/usr/bin/make -f &quot;/Users/zeritte/Documents/Lectures/cmpe/cmpe250/workspace/cmpe250-project1-zeritte/Makefile&quot;  VERBOSE=1 cmpe250_project1_zeritte"/>
					<CompileFile command="/usr/bin/make -f &quot;/Users/zeritte/Documents/Lectures/cmpe/cmpe250/workspace/cmpe250-project1-zeritte/Makefile&quot;  VERBOSE=1 &quot;$file&quot;"/>
					<Clean command="/usr/bin/make -f &quot;/Users/zeritte/Documents/Lectures/cmpe/cmpe250/workspace/cmpe250-project1-zeritte/Makefile&quot;  VERBOSE=1 clean"/>
					<DistClean command="/usr/bin/make -f &quot;/Users/zeritte/Documents/Lectures/cmpe/cmpe250/workspace/cmpe250-project1-zeritte/Makefile&quot;  VERBOSE=1 clean"/>
				</MakeCommands>
			</Target>
			<Target title="cmpe250_project1_zeritte/fast">
				<Option output="/Users/zeritte/Documents/Lectures/cmpe/cmpe250/workspace/cmpe250-project1-zeritte/cmpe250_project1_zeritte" prefix_auto="0" extension_auto="0"/>
				<Option working_dir="/Users/zeritte/Documents/Lectures/cmpe/cmpe250/workspace/cmpe250-project1-zeritte"/>
				<Option object_output="./"/>
				<Option type="1"/>
				<Option compiler="gcc"/>
				<Compiler>
					<Add directory="/Users/zeritte/Documents/Lectures/cmpe/cmpe250/workspace/cmpe250-project1-zeritte/."/>
				</Compiler>
				<MakeCommands>
					<Build command="/usr/bin/make -f &quot;/Users/zeritte/Documents/Lectures/cmpe/cmpe250/workspace/cmpe250-project1-zeritte/Makefile&quot;  VERBOSE=1 cmpe250_project1_zeritte/fast"/>
					<CompileFile command="/usr/bin/make -f &quot;/Users/zeritte/Documents/Lectures/cmpe/cmpe250/workspace/cmpe250-project1-zeritte/Makefile&quot;  VERBOSE=1 &quot;$file&quot;"/>
					<Clean command="/usr/bin/make -f &quot;/Users/zeritte/Documents/Lectures/cmpe/cmpe250/workspace/cmpe250-project1-zeritte/Makefile&quot;  VERBOSE=1 clean"/>
					<DistClean command="/usr/bin/make -f &quot;/Users/zeritte/Documents/Lectures/cmpe/cmpe250/workspace/cmpe250-project1-zeritte/Makefile&quot;  VERBOSE=1 clean"/>
				</MakeCommands>
			</Target>
		</Build>
		<Unit filename="/Users/zeritte/Documents/Lectures/cmpe/cmpe250/workspace/cmpe250-project1-zeritte/LinkedList.cpp">
			<Option target="cmpe250_project1_zeritte"/>
		</Unit>
		<Unit filename="/Users/zeritte/Documents/Lectures/cmpe/cmpe250/workspace/cmpe250-project1-zeritte/LinkedList.h">
			<Option target="cmpe250_project1_zeritte"/>
		</Unit>
		<Unit filename="/Users/zeritte/Documents/Lectures/cmpe/cmpe250/workspace/cmpe250-project1-zeritte/Node.cpp">
			<Option target="cmpe250_project1_zeritte"/>
		</Unit>
		<Unit filename="/Users/zeritte/Documents/Lectures/cmpe/cmpe250/workspace/cmpe250-project1-zeritte/Node.h">
			<Option target="cmpe250_project1_zeritte"/>
		</Unit>
		<Unit filename="/Users/zeritte/Documents/Lectures/cmpe/cmpe250/workspace/cmpe250-project1-zeritte/Project1.pdf">
			<Option target="cmpe250_project1_zeritte"/>
		</Unit>
		<Unit filename="/Users/zeritte/Documents/Lectures/cmpe/cmpe250/workspace/cmpe250-project1-zeritte/README.md">
			<Option target="cmpe250_project1_zeritte"/>
		</Unit>
		<Unit filename="/Users/zeritte/Documents/Lectures/cmpe/cmpe250/workspace/cmpe250-project1-zeritte/SurveyClass.cpp">
			<Option target="cmpe250_project1_zeritte"/>
		</Unit>
		<Unit filename="/Users/zeritte/Documents/Lectures/cmpe/cmpe250/workspace/cmpe250-project1-zeritte/SurveyClass.h">
			<Option target="cmpe250_project1_zeritte"/>
		</Unit>
		<Unit filename="/Users/zeritte/Documents/Lectures/cmpe/cmpe250/workspace/cmpe250-project1-zeritte/in1.txt">
			<Option target="cmpe250_project1_zeritte"/>
		</Unit>
		<Unit filename="/Users/zeritte/Documents/Lectures/cmpe/cmpe250/workspace/cmpe250-project1-zeritte/in2.txt">
			<Option target="cmpe250_project1_zeritte"/>
		</Unit>
		<Unit filename="/Users/zeritte/Documents/Lectures/cmpe/cmpe250/workspace/cmpe250-project1-zeritte/in3.txt">
			<Option target="cmpe250_project1_zeritte"/>
		</Unit>
		<Unit filename="/Users/zeritte/Documents/Lectures/cmpe/cmpe250/workspace/cmpe250-project1-zeritte/in4.txt">
			<Option target="cmpe250_project1_zeritte"/>
		</Unit>
		<Unit filename="/Users/zeritte/Documents/Lectures/cmpe/cmpe250/workspace/cmpe250-project1-zeritte/input.txt">
			<Option target="cmpe250_project1_zeritte"/>
		</Unit>
		<Unit filename="/Users/zeritte/Documents/Lectures/cmpe/cmpe250/workspace/cmpe250-project1-zeritte/main.cpp">
			<Option target="cmpe250_project1_zeritte"/>
		</Unit>
		<Unit filename="/Users/zeritte/Documents/Lectures/cmpe/cmpe250/workspace/cmpe250-project1-zeritte/out1.txt">
			<Option target="cmpe250_project1_zeritte"/>
		</Unit>
		<Unit filename="/Users/zeritte/Documents/Lectures/cmpe/cmpe250/workspace/cmpe250-project1-zeritte/out2.txt">
			<Option target="cmpe250_project1_zeritte"/>
		</Unit>
		<Unit filename="/Users/zeritte/Documents/Lectures/cmpe/cmpe250/workspace/cmpe250-project1-zeritte/out3.txt">
			<Option target="cmpe250_project1_zeritte"/>
		</Unit>
		<Unit filename="/Users/zeritte/Documents/Lectures/cmpe/cmpe250/workspace/cmpe250-project1-zeritte/out4.txt">
			<Option target="cmpe250_project1_zeritte"/>
		</Unit>
		<Unit filename="/Users/zeritte/Documents/Lectures/cmpe/cmpe250/workspace/cmpe250-project1-zeritte/output.txt">
			<Option target="cmpe250_project1_zeritte"/>
		</Unit>
		<Unit filename="/Users/zeritte/Documents/Lectures/cmpe/cmpe250/workspace/cmpe250-project1-zeritte/project1">
			<Option target="cmpe250_project1_zeritte"/>
		</Unit>
		<Unit filename="/Users/zeritte/Documents/Lectures/cmpe/cmpe250/workspace/cmpe250-project1-zeritte/CMakeLists.txt">
			<Option virtualFolder="CMake Files\"/>
		</Unit>
	</Project>
</CodeBlocks_project_file>
